
Microsoft Visual Studio Solution File, Format Version 12.00
# Visual Studio Version 16
VisualStudioVersion = 16.0.32901.82
MinimumVisualStudioVersion = 10.0.40219.1
Project("{FAE04EC0-301F-11D3-BF4B-00C04F79EFBC}") = "AutomationPracticeFramework", "AutomationPracticeFramework\AutomationPracticeFramework.csproj", "{91AA6E22-08EA-4FF8-9B7D-64118FEE8EE0}"
EndProject
Global
	GlobalSection(SolutionConfigurationPlatforms) = preSolution
		Debug|Any CPU = Debug|Any CPU
		Release|Any CPU = Release|Any CPU
	EndGlobalSection
	GlobalSection(ProjectConfigurationPlatforms) = postSolution
		{91AA6E22-08EA-4FF8-9B7D-64118FEE8EE0}.Debug|Any CPU.ActiveCfg = Debug|Any CPU
		{91AA6E22-08EA-4FF8-9B7D-64118FEE8EE0}.Debug|Any CPU.Build.0 = Debug|Any CPU
		{91AA6E22-08EA-4FF8-9B7D-64118FEE8EE0}.Release|Any CPU.ActiveCfg = Release|Any CPU
		{91AA6E22-08EA-4FF8-9B7D-64118FEE8EE0}.Release|Any CPU.Build.0 = Release|Any CPU
	EndGlobalSection
	GlobalSection(SolutionProperties) = preSolution
		HideSolutionNode = FALSE
	EndGlobalSection
	GlobalSection(ExtensibilityGlobals) = postSolution
		SolutionGuid = {A4FFBB76-C5A2-4D97-B03F-949AACA52D60}
	EndGlobalSection
EndGlobal
